
Microsoft Visual Studio Solution File, Format Version 12.00
# Visual Studio Version 17
VisualStudioVersion = 17.0.32126.317
MinimumVisualStudioVersion = 10.0.40219.1
Project("{FAE04EC0-301F-11D3-BF4B-00C04F79EFBC}") = "FaturaYonetimSistemi.Shared", "FaturaYonetimSistemi.Shared\FaturaYonetimSistemi.Shared.csproj", "{6C6BAA98-0F3B-4C94-925A-6F4860E2B135}"
EndProject
Project("{FAE04EC0-301F-11D3-BF4B-00C04F79EFBC}") = "FaturaYonetimSistemi.Data", "FaturaYonetimSistemi.Data\FaturaYonetimSistemi.Data.csproj", "{8C448A0E-0B57-4581-B642-8929C65108E6}"
EndProject
Project("{FAE04EC0-301F-11D3-BF4B-00C04F79EFBC}") = "FaturaYonetimSistemi.Services", "FaturaYonetimSistemi.Services\FaturaYonetimSistemi.Services.csproj", "{6BE3CF88-2B7F-4A91-B34D-057D34766EF0}"
EndProject
Project("{FAE04EC0-301F-11D3-BF4B-00C04F79EFBC}") = "FaturaYonetimSistemi.OdemeAPI", "FaturaYonetimSistemi.OdemeAPI\FaturaYonetimSistemi.OdemeAPI.csproj", "{AC55B519-7737-4D3A-916D-339EBC58F38C}"
EndProject
Project("{FAE04EC0-301F-11D3-BF4B-00C04F79EFBC}") = "FaturaYonetimSistemi.Mvc", "FaturaYonetimSistemi.Mvc\FaturaYonetimSistemi.Mvc.csproj", "{AB391CC2-4AF1-4D97-A007-8A6191A1031D}"
EndProject
Global
	GlobalSection(SolutionConfigurationPlatforms) = preSolution
		Debug|Any CPU = Debug|Any CPU
		Release|Any CPU = Release|Any CPU
	EndGlobalSection
	GlobalSection(ProjectConfigurationPlatforms) = postSolution
		{6C6BAA98-0F3B-4C94-925A-6F4860E2B135}.Debug|Any CPU.ActiveCfg = Debug|Any CPU
		{6C6BAA98-0F3B-4C94-925A-6F4860E2B135}.Debug|Any CPU.Build.0 = Debug|Any CPU
		{6C6BAA98-0F3B-4C94-925A-6F4860E2B135}.Release|Any CPU.ActiveCfg = Release|Any CPU
		{6C6BAA98-0F3B-4C94-925A-6F4860E2B135}.Release|Any CPU.Build.0 = Release|Any CPU
		{8C448A0E-0B57-4581-B642-8929C65108E6}.Debug|Any CPU.ActiveCfg = Debug|Any CPU
		{8C448A0E-0B57-4581-B642-8929C65108E6}.Debug|Any CPU.Build.0 = Debug|Any CPU
		{8C448A0E-0B57-4581-B642-8929C65108E6}.Release|Any CPU.ActiveCfg = Release|Any CPU
		{8C448A0E-0B57-4581-B642-8929C65108E6}.Release|Any CPU.Build.0 = Release|Any CPU
		{6BE3CF88-2B7F-4A91-B34D-057D34766EF0}.Debug|Any CPU.ActiveCfg = Debug|Any CPU
		{6BE3CF88-2B7F-4A91-B34D-057D34766EF0}.Debug|Any CPU.Build.0 = Debug|Any CPU
		{6BE3CF88-2B7F-4A91-B34D-057D34766EF0}.Release|Any CPU.ActiveCfg = Release|Any CPU
		{6BE3CF88-2B7F-4A91-B34D-057D34766EF0}.Release|Any CPU.Build.0 = Release|Any CPU
		{AC55B519-7737-4D3A-916D-339EBC58F38C}.Debug|Any CPU.ActiveCfg = Debug|Any CPU
		{AC55B519-7737-4D3A-916D-339EBC58F38C}.Debug|Any CPU.Build.0 = Debug|Any CPU
		{AC55B519-7737-4D3A-916D-339EBC58F38C}.Release|Any CPU.ActiveCfg = Release|Any CPU
		{AC55B519-7737-4D3A-916D-339EBC58F38C}.Release|Any CPU.Build.0 = Release|Any CPU
		{AB391CC2-4AF1-4D97-A007-8A6191A1031D}.Debug|Any CPU.ActiveCfg = Debug|Any CPU
		{AB391CC2-4AF1-4D97-A007-8A6191A1031D}.Debug|Any CPU.Build.0 = Debug|Any CPU
		{AB391CC2-4AF1-4D97-A007-8A6191A1031D}.Release|Any CPU.ActiveCfg = Release|Any CPU
		{AB391CC2-4AF1-4D97-A007-8A6191A1031D}.Release|Any CPU.Build.0 = Release|Any CPU
	EndGlobalSection
	GlobalSection(SolutionProperties) = preSolution
		HideSolutionNode = FALSE
	EndGlobalSection
	GlobalSection(ExtensibilityGlobals) = postSolution
		SolutionGuid = {8FCE4566-37CF-4B0B-90F7-3186EF47ADAE}
	EndGlobalSection
EndGlobal
